// !$*UTF8*$!
{
	archiveVersion = 1;
	classes = {
	};
	objectVersion = 50;
	objects = {

/* Begin PBXBuildFile section */
		047899DA215FC595004CB5A8 /* AppDelegate.swift in Sources */ = {isa = PBXBuildFile; fileRef = 047899D9215FC595004CB5A8 /* AppDelegate.swift */; };
		047899DC215FC595004CB5A8 /* ViewController.swift in Sources */ = {isa = PBXBuildFile; fileRef = 047899DB215FC595004CB5A8 /* ViewController.swift */; };
		047899DF215FC595004CB5A8 /* Main.storyboard in Resources */ = {isa = PBXBuildFile; fileRef = 047899DD215FC595004CB5A8 /* Main.storyboard */; };
		047899E1215FC599004CB5A8 /* Assets.xcassets in Resources */ = {isa = PBXBuildFile; fileRef = 047899E0215FC599004CB5A8 /* Assets.xcassets */; };
		047899E4215FC599004CB5A8 /* LaunchScreen.storyboard in Resources */ = {isa = PBXBuildFile; fileRef = 047899E2215FC599004CB5A8 /* LaunchScreen.storyboard */; };
		D4F3F0874DBB25441B9015F2 /* Pods_dalTest2.framework in Frameworks */ = {isa = PBXBuildFile; fileRef = 9A4D1994AF69D3CE64C60B32 /* Pods_dalTest2.framework */; };
/* End PBXBuildFile section */

/* Begin PBXFileReference section */
		047899D6215FC595004CB5A8 /* dalTest2.app */ = {isa = PBXFileReference; explicitFileType = wrapper.application; includeInIndex = 0; path = dalTest2.app; sourceTree = BUILT_PRODUCTS_DIR; };
		047899D9215FC595004CB5A8 /* AppDelegate.swift */ = {isa = PBXFileReference; lastKnownFileType = sourcecode.swift; path = AppDelegate.swift; sourceTree = "<group>"; };
		047899DB215FC595004CB5A8 /* ViewController.swift */ = {isa = PBXFileReference; lastKnownFileType = sourcecode.swift; path = ViewController.swift; sourceTree = "<group>"; };
		047899DE215FC595004CB5A8 /* Base */ = {isa = PBXFileReference; lastKnownFileType = file.storyboard; name = Base; path = Base.lproj/Main.storyboard; sourceTree = "<group>"; };
		047899E0215FC599004CB5A8 /* Assets.xcassets */ = {isa = PBXFileReference; lastKnownFileType = folder.assetcatalog; path = Assets.xcassets; sourceTree = "<group>"; };
		047899E3215FC599004CB5A8 /* Base */ = {isa = PBXFileReference; lastKnownFileType = file.storyboard; name = Base; path = Base.lproj/LaunchScreen.storyboard; sourceTree = "<group>"; };
		047899E5215FC599004CB5A8 /* Info.plist */ = {isa = PBXFileReference; lastKnownFileType = text.plist.xml; path = Info.plist; sourceTree = "<group>"; };
		1FFD0B6C1ABC72857CF3BAA9 /* Pods-dalTest2.release.xcconfig */ = {isa = PBXFileReference; includeInIndex = 1; lastKnownFileType = text.xcconfig; name = "Pods-dalTest2.release.xcconfig"; path = "Pods/Target Support Files/Pods-dalTest2/Pods-dalTest2.release.xcconfig"; sourceTree = "<group>"; };
		9A4D1994AF69D3CE64C60B32 /* Pods_dalTest2.framework */ = {isa = PBXFileReference; explicitFileType = wrapper.framework; includeInIndex = 0; path = Pods_dalTest2.framework; sourceTree = BUILT_PRODUCTS_DIR; };
		C537DA4E8FDB0968979E663E /* Pods-dalTest2.debug.xcconfig */ = {isa = PBXFileReference; includeInIndex = 1; lastKnownFileType = text.xcconfig; name = "Pods-dalTest2.debug.xcconfig"; path = "Pods/Target Support Files/Pods-dalTest2/Pods-dalTest2.debug.xcconfig"; sourceTree = "<group>"; };
/* End PBXFileReference section */

/* Begin PBXFrameworksBuildPhase section */
		047899D3215FC594004CB5A8 /* Frameworks */ = {
			isa = PBXFrameworksBuildPhase;
			buildActionMask = 2147483647;
			files = (
				D4F3F0874DBB25441B9015F2 /* Pods_dalTest2.framework in Frameworks */,
			);
			runOnlyForDeploymentPostprocessing = 0;
		};
/* End PBXFrameworksBuildPhase section */

/* Begin PBXGroup section */
		047899CD215FC594004CB5A8 = {
			isa = PBXGroup;
			children = (
				047899D8215FC595004CB5A8 /* dalTest2 */,
				047899D7215FC595004CB5A8 /* Products */,
				15D85B74A768B5160A8BE264 /* Pods */,
				3624FDB9D4B03327200F4580 /* Frameworks */,
			);
			sourceTree = "<group>";
		};
		047899D7215FC595004CB5A8 /* Products */ = {
			isa = PBXGroup;
			children = (
				047899D6215FC595004CB5A8 /* dalTest2.app */,
			);
			name = Products;
			sourceTree = "<group>";
		};
		047899D8215FC595004CB5A8 /* dalTest2 */ = {
			isa = PBXGroup;
			children = (
				047899D9215FC595004CB5A8 /* AppDelegate.swift */,
				047899DB215FC595004CB5A8 /* ViewController.swift */,
				047899DD215FC595004CB5A8 /* Main.storyboard */,
				047899E0215FC599004CB5A8 /* Assets.xcassets */,
				047899E2215FC599004CB5A8 /* LaunchScreen.storyboard */,
				047899E5215FC599004CB5A8 /* Info.plist */,
			);
			path = dalTest2;
			sourceTree = "<group>";
		};
		15D85B74A768B5160A8BE264 /* Pods */ = {
			isa = PBXGroup;
			children = (
				C537DA4E8FDB0968979E663E /* Pods-dalTest2.debug.xcconfig */,
				1FFD0B6C1ABC72857CF3BAA9 /* Pods-dalTest2.release.xcconfig */,
			);
			name = Pods;
			sourceTree = "<group>";
		};
		3624FDB9D4B03327200F4580 /* Frameworks */ = {
			isa = PBXGroup;
			children = (
				9A4D1994AF69D3CE64C60B32 /* Pods_dalTest2.framework */,
			);
			name = Frameworks;
			sourceTree = "<group>";
		};
/* End PBXGroup section */

/* Begin PBXNativeTarget section */
		047899D5215FC594004CB5A8 /* dalTest2 */ = {
			isa = PBXNativeTarget;
			buildConfigurationList = 047899E8215FC599004CB5A8 /* Build configuration list for PBXNativeTarget "dalTest2" */;
			buildPhases = (
				A4756C235D71D39BFCC3F6A6 /* [CP] Check Pods Manifest.lock */,
				047899D2215FC594004CB5A8 /* Sources */,
				047899D3215FC594004CB5A8 /* Frameworks */,
				047899D4215FC594004CB5A8 /* Resources */,
				6F53C8FF8C0D624F0B5F33C0 /* [CP] Embed Pods Frameworks */,
			);
			buildRules = (
			);
			dependencies = (
			);
			name = dalTest2;
			productName = dalTest2;
			productReference = 047899D6215FC595004CB5A8 /* dalTest2.app */;
			productType = "com.apple.product-type.application";
		};
/* End PBXNativeTarget section */

/* Begin PBXProject section */
		047899CE215FC594004CB5A8 /* Project object */ = {
			isa = PBXProject;
			attributes = {
				LastSwiftUpdateCheck = 1000;
				LastUpgradeCheck = 1000;
				ORGANIZATIONNAME = SRWS;
				TargetAttributes = {
					047899D5215FC594004CB5A8 = {
						CreatedOnToolsVersion = 10.0;
					};
				};
			};
			buildConfigurationList = 047899D1215FC594004CB5A8 /* Build configuration list for PBXProject "dalTest2" */;
			compatibilityVersion = "Xcode 9.3";
			developmentRegion = en;
			hasScannedForEncodings = 0;
			knownRegions = (
				en,
				Base,
			);
			mainGroup = 047899CD215FC594004CB5A8;
			productRefGroup = 047899D7215FC595004CB5A8 /* Products */;
			projectDirPath = "";
			projectRoot = "";
			targets = (
				047899D5215FC594004CB5A8 /* dalTest2 */,
			);
		};
/* End PBXProject section */

/* Begin PBXResourcesBuildPhase section */
		047899D4215FC594004CB5A8 /* Resources */ = {
			isa = PBXResourcesBuildPhase;
			buildActionMask = 2147483647;
			files = (
				047899E4215FC599004CB5A8 /* LaunchScreen.storyboard in Resources */,
				047899E1215FC599004CB5A8 /* Assets.xcassets in Resources */,
				047899DF215FC595004CB5A8 /* Main.storyboard in Resources */,
			);
			runOnlyForDeploymentPostprocessing = 0;
		};
/* End PBXResourcesBuildPhase section */

/* Begin PBXShellScriptBuildPhase section */
		6F53C8FF8C0D624F0B5F33C0 /* [CP] Embed Pods Frameworks */ = {
			isa = PBXShellScriptBuildPhase;
			buildActionMask = 2147483647;
			files = (
			);
			inputFileListPaths = (
			);
			inputPaths = (
				"${SRCROOT}/Pods/Target Support Files/Pods-dalTest2/Pods-dalTest2-frameworks.sh",
				"${BUILT_PRODUCTS_DIR}/FSCalendar/FSCalendar.framework",
			);
			name = "[CP] Embed Pods Frameworks";
			outputFileListPaths = (
			);
			outputPaths = (
				"${TARGET_BUILD_DIR}/${FRAMEWORKS_FOLDER_PATH}/FSCalendar.framework",
			);
			runOnlyForDeploymentPostprocessing = 0;
			shellPath = /bin/sh;
			shellScript = "\"${SRCROOT}/Pods/Target Support Files/Pods-dalTest2/Pods-dalTest2-frameworks.sh\"\n";
			showEnvVarsInLog = 0;
		};
		A4756C235D71D39BFCC3F6A6 /* [CP] Check Pods Manifest.lock */ = {
			isa = PBXShellScriptBuildPhase;
			buildActionMask = 2147483647;
			files = (
			);
			inputFileListPaths = (
			);
			inputPaths = (
				"${PODS_PODFILE_DIR_PATH}/Podfile.lock",
				"${PODS_ROOT}/Manifest.lock",
			);
			name = "[CP] Check Pods Manifest.lock";
			outputFileListPaths = (
			);
			outputPaths = (
				"$(DERIVED_FILE_DIR)/Pods-dalTest2-checkManifestLockResult.txt",
			);
			runOnlyForDeploymentPostprocessing = 0;
			shellPath = /bin/sh;
			shellScript = "diff \"${PODS_PODFILE_DIR_PATH}/Podfile.lock\" \"${PODS_ROOT}/Manifest.lock\" > /dev/null\nif [ $? != 0 ] ; then\n    # print error to STDERR\n    echo \"error: The sandbox is not in sync with the Podfile.lock. Run 'pod install' or update your CocoaPods installation.\" >&2\n    exit 1\nfi\n# This output is used by Xcode 'outputs' to avoid re-running this script phase.\necho \"SUCCESS\" > \"${SCRIPT_OUTPUT_FILE_0}\"\n";
			showEnvVarsInLog = 0;
		};
/* End PBXShellScriptBuildPhase section */

/* Begin PBXSourcesBuildPhase section */
		047899D2215FC594004CB5A8 /* Sources */ = {
			isa = PBXSourcesBuildPhase;
			buildActionMask = 2147483647;
			files = (
				047899DC215FC595004CB5A8 /* ViewController.swift in Sources */,
				047899DA215FC595004CB5A8 /* AppDelegate.swift in Sources */,
			);
			runOnlyForDeploymentPostprocessing = 0;
		};
/* End PBXSourcesBuildPhase section */

/* Begin PBXVariantGroup section */
		047899DD215FC595004CB5A8 /* Main.storyboard */ = {
			isa = PBXVariantGroup;
			children = (
				047899DE215FC595004CB5A8 /* Base */,
			);
			name = Main.storyboard;
			sourceTree = "<group>";
		};
		047899E2215FC599004CB5A8 /* LaunchScreen.storyboard */ = {
			isa = PBXVariantGroup;
			children = (
				047899E3215FC599004CB5A8 /* Base */,
			);
			name = LaunchScreen.storyboard;
			sourceTree = "<group>";
		};
/* End PBXVariantGroup section */

/* Begin XCBuildConfiguration section */
		047899E6215FC599004CB5A8 /* Debug */ = {
			isa = XCBuildConfiguration;
			buildSettings = {
				ALWAYS_SEARCH_USER_PATHS = NO;
				CLANG_ANALYZER_NONNULL = YES;
				CLANG_ANALYZER_NUMBER_OBJECT_CONVERSION = YES_AGGRESSIVE;
				CLANG_CXX_LANGUAGE_STANDARD = "gnu++14";
				CLANG_CXX_LIBRARY = "libc++";
				CLANG_ENABLE_MODULES = YES;
				CLANG_ENABLE_OBJC_ARC = YES;
				CLANG_ENABLE_OBJC_WEAK = YES;
				CLANG_WARN_BLOCK_CAPTURE_AUTORELEASING = YES;
				CLANG_WARN_BOOL_CONVERSION = YES;
				CLANG_WARN_COMMA = YES;
				CLANG_WARN_CONSTANT_CONVERSION = YES;
				CLANG_WARN_DEPRECATED_OBJC_IMPLEMENTATIONS = YES;
				CLANG_WARN_DIRECT_OBJC_ISA_USAGE = YES_ERROR;
				CLANG_WARN_DOCUMENTATION_COMMENTS = YES;
				CLANG_WARN_EMPTY_BODY = YES;
				CLANG_WARN_ENUM_CONVERSION = YES;
				CLANG_WARN_INFINITE_RECURSION = YES;
				CLANG_WARN_INT_CONVERSION = YES;
				CLANG_WARN_NON_LITERAL_NULL_CONVERSION = YES;
				CLANG_WARN_OBJC_IMPLICIT_RETAIN_SELF = YES;
				CLANG_WARN_OBJC_LITERAL_CONVERSION = YES;
				CLANG_WARN_OBJC_ROOT_CLASS = YES_ERROR;
				CLANG_WARN_RANGE_LOOP_ANALYSIS = YES;
				CLANG_WARN_STRICT_PROTOTYPES = YES;
				CLANG_WARN_SUSPICIOUS_MOVE = YES;
				CLANG_WARN_UNGUARDED_AVAILABILITY = YES_AGGRESSIVE;
				CLANG_WARN_UNREACHABLE_CODE = YES;
				CLANG_WARN__DUPLICATE_METHOD_MATCH = YES;
				CODE_SIGN_IDENTITY = "iPhone Developer";
				COPY_PHASE_STRIP = NO;
				DEBUG_INFORMATION_FORMAT = dwarf;
				ENABLE_STRICT_OBJC_MSGSEND = YES;
				ENABLE_TESTABILITY = YES;
				GCC_C_LANGUAGE_STANDARD = gnu11;
				GCC_DYNAMIC_NO_PIC = NO;
				GCC_NO_COMMON_BLOCKS = YES;
				GCC_OPTIMIZATION_LEVEL = 0;
				GCC_PREPROCESSOR_DEFINITIONS = (
					"DEBUG=1",
					"$(inherited)",
				);
				GCC_WARN_64_TO_32_BIT_CONVERSION = YES;
				GCC_WARN_ABOUT_RETURN_TYPE = YES_ERROR;
				GCC_WARN_UNDECLARED_SELECTOR = YES;
				GCC_WARN_UNINITIALIZED_AUTOS = YES_AGGRESSIVE;
				GCC_WARN_UNUSED_FUNCTION = YES;
				GCC_WARN_UNUSED_VARIABLE = YES;
				IPHONEOS_DEPLOYMENT_TARGET = 12.0;
				MTL_ENABLE_DEBUG_INFO = INCLUDE_SOURCE;
				MTL_FAST_MATH = YES;
				ONLY_ACTIVE_ARCH = YES;
				SDKROOT = iphoneos;
				SWIFT_ACTIVE_COMPILATION_CONDITIONS = DEBUG;
				SWIFT_OPTIMIZATION_LEVEL = "-Onone";
			};
			name = Debug;
		};
		047899E7215FC599004CB5A8 /* Release */ = {
			isa = XCBuildConfiguration;
			buildSettings = {
				ALWAYS_SEARCH_USER_PATHS = NO;
				CLANG_ANALYZER_NONNULL = YES;
				CLANG_ANALYZER_NUMBER_OBJECT_CONVERSION = YES_AGGRESSIVE;
				CLANG_CXX_LANGUAGE_STANDARD = "gnu++14";
				CLANG_CXX_LIBRARY = "libc++";
				CLANG_ENABLE_MODULES = YES;
				CLANG_ENABLE_OBJC_ARC = YES;
				CLANG_ENABLE_OBJC_WEAK = YES;
				CLANG_WARN_BLOCK_CAPTURE_AUTORELEASING = YES;
				CLANG_WARN_BOOL_CONVERSION = YES;
				CLANG_WARN_COMMA = YES;
				CLANG_WARN_CONSTANT_CONVERSION = YES;
				CLANG_WARN_DEPRECATED_OBJC_IMPLEMENTATIONS = YES;
				CLANG_WARN_DIRECT_OBJC_ISA_USAGE = YES_ERROR;
				CLANG_WARN_DOCUMENTATION_COMMENTS = YES;
				CLANG_WARN_EMPTY_BODY = YES;
				CLANG_WARN_ENUM_CONVERSION = YES;
				CLANG_WARN_INFINITE_RECURSION = YES;
				CLANG_WARN_INT_CONVERSION = YES;
				CLANG_WARN_NON_LITERAL_NULL_CONVERSION = YES;
				CLANG_WARN_OBJC_IMPLICIT_RETAIN_SELF = YES;
				CLANG_WARN_OBJC_LITERAL_CONVERSION = YES;
				CLANG_WARN_OBJC_ROOT_CLASS = YES_ERROR;
				CLANG_WARN_RANGE_LOOP_ANALYSIS = YES;
				CLANG_WARN_STRICT_PROTOTYPES = YES;
				CLANG_WARN_SUSPICIOUS_MOVE = YES;
				CLANG_WARN_UNGUARDED_AVAILABILITY = YES_AGGRESSIVE;
				CLANG_WARN_UNREACHABLE_CODE = YES;
				CLANG_WARN__DUPLICATE_METHOD_MATCH = YES;
				CODE_SIGN_IDENTITY = "iPhone Developer";
				COPY_PHASE_STRIP = NO;
				DEBUG_INFORMATION_FORMAT = "dwarf-with-dsym";
				ENABLE_NS_ASSERTIONS = NO;
				ENABLE_STRICT_OBJC_MSGSEND = YES;
				GCC_C_LANGUAGE_STANDARD = gnu11;
				GCC_NO_COMMON_BLOCKS = YES;
				GCC_WARN_64_TO_32_BIT_CONVERSION = YES;
				GCC_WARN_ABOUT_RETURN_TYPE = YES_ERROR;
				GCC_WARN_UNDECLARED_SELECTOR = YES;
				GCC_WARN_UNINITIALIZED_AUTOS = YES_AGGRESSIVE;
				GCC_WARN_UNUSED_FUNCTION = YES;
				GCC_WARN_UNUSED_VARIABLE = YES;
				IPHONEOS_DEPLOYMENT_TARGET = 12.0;
				MTL_ENABLE_DEBUG_INFO = NO;
				MTL_FAST_MATH = YES;
				SDKROOT = iphoneos;
				SWIFT_COMPILATION_MODE = wholemodule;
				SWIFT_OPTIMIZATION_LEVEL = "-O";
				VALIDATE_PRODUCT = YES;
			};
			name = Release;
		};
		047899E9215FC599004CB5A8 /* Debug */ = {
			isa = XCBuildConfiguration;
			baseConfigurationReference = C537DA4E8FDB0968979E663E /* Pods-dalTest2.debug.xcconfig */;
			buildSettings = {
				ASSETCATALOG_COMPILER_APPICON_NAME = AppIcon;
				CODE_SIGN_STYLE = Automatic;
				DEVELOPMENT_TEAM = LKZ99JK74B;
				INFOPLIST_FILE = dalTest2/Info.plist;
				LD_RUNPATH_SEARCH_PATHS = (
					"$(inherited)",
					"@executable_path/Frameworks",
				);
				PRODUCT_BUNDLE_IDENTIFIER = SRWS.dalTest2;
				PRODUCT_NAME = "$(TARGET_NAME)";
				SWIFT_VERSION = 4.2;
				TARGETED_DEVICE_FAMILY = "1,2";
			};
			name = Debug;
		};
		047899EA215FC599004CB5A8 /* Release */ = {
			isa = XCBuildConfiguration;
			baseConfigurationReference = 1FFD0B6C1ABC72857CF3BAA9 /* Pods-dalTest2.release.xcconfig */;
			buildSettings = {
				ASSETCATALOG_COMPILER_APPICON_NAME = AppIcon;
				CODE_SIGN_STYLE = Automatic;
				DEVELOPMENT_TEAM = LKZ99JK74B;
				INFOPLIST_FILE = dalTest2/Info.plist;
				LD_RUNPATH_SEARCH_PATHS = (
					"$(inherited)",
					"@executable_path/Frameworks",
				);
				PRODUCT_BUNDLE_IDENTIFIER = SRWS.dalTest2;
				PRODUCT_NAME = "$(TARGET_NAME)";
				SWIFT_VERSION = 4.2;
				TARGETED_DEVICE_FAMILY = "1,2";
			};
			name = Release;
		};
/* End XCBuildConfiguration section */

/* Begin XCConfigurationList section */
		047899D1215FC594004CB5A8 /* Build configuration list for PBXProject "dalTest2" */ = {
			isa = XCConfigurationList;
			buildConfigurations = (
				047899E6215FC599004CB5A8 /* Debug */,
				047899E7215FC599004CB5A8 /* Release */,
			);
			defaultConfigurationIsVisible = 0;
			defaultConfigurationName = Release;
		};
		047899E8215FC599004CB5A8 /* Build configuration list for PBXNativeTarget "dalTest2" */ = {
			isa = XCConfigurationList;
			buildConfigurations = (
				047899E9215FC599004CB5A8 /* Debug */,
				047899EA215FC599004CB5A8 /* Release */,
			);
			defaultConfigurationIsVisible = 0;
			defaultConfigurationName = Release;
		};
/* End XCConfigurationList section */
	};
	rootObject = 047899CE215FC594004CB5A8 /* Project object */;
}
